
Microsoft Visual Studio Solution File, Format Version 12.00
# Visual Studio Version 17
VisualStudioVersion = 17.5.33516.290
MinimumVisualStudioVersion = 10.0.40219.1
Project("{8BC9CEB8-8B4A-11D0-8D11-00A0C91BC942}") = "1", "Lab10\Lab10.vcxproj", "{AD14579C-7A4B-48F9-B54D-7442796597EC}"
EndProject
Project("{8BC9CEB8-8B4A-11D0-8D11-00A0C91BC942}") = "2", "Stand1\Stand1.vcxproj", "{E7C185C1-9891-40FE-8DCF-BB09386CEA2E}"
EndProject
Project("{8BC9CEB8-8B4A-11D0-8D11-00A0C91BC942}") = "3", "3\3.vcxproj", "{27BAF2C3-2BB1-4AC9-8932-D0D8C71F8508}"
EndProject
Project("{8BC9CEB8-8B4A-11D0-8D11-00A0C91BC942}") = "4", "4\4.vcxproj", "{4CE4C8B5-D6D3-48B8-BF12-CEE19CD48016}"
EndProject
Project("{8BC9CEB8-8B4A-11D0-8D11-00A0C91BC942}") = "5", "5\5.vcxproj", "{9CA85863-F4F0-4873-9261-725078E47BDE}"
EndProject
Global
	GlobalSection(SolutionConfigurationPlatforms) = preSolution
		Debug|x64 = Debug|x64
		Debug|x86 = Debug|x86
		Release|x64 = Release|x64
		Release|x86 = Release|x86
	EndGlobalSection
	GlobalSection(ProjectConfigurationPlatforms) = postSolution
		{AD14579C-7A4B-48F9-B54D-7442796597EC}.Debug|x64.ActiveCfg = Debug|x64
		{AD14579C-7A4B-48F9-B54D-7442796597EC}.Debug|x64.Build.0 = Debug|x64
		{AD14579C-7A4B-48F9-B54D-7442796597EC}.Debug|x86.ActiveCfg = Debug|Win32
		{AD14579C-7A4B-48F9-B54D-7442796597EC}.Debug|x86.Build.0 = Debug|Win32
		{AD14579C-7A4B-48F9-B54D-7442796597EC}.Release|x64.ActiveCfg = Release|x64
		{AD14579C-7A4B-48F9-B54D-7442796597EC}.Release|x64.Build.0 = Release|x64
		{AD14579C-7A4B-48F9-B54D-7442796597EC}.Release|x86.ActiveCfg = Release|Win32
		{AD14579C-7A4B-48F9-B54D-7442796597EC}.Release|x86.Build.0 = Release|Win32
		{E7C185C1-9891-40FE-8DCF-BB09386CEA2E}.Debug|x64.ActiveCfg = Debug|x64
		{E7C185C1-9891-40FE-8DCF-BB09386CEA2E}.Debug|x64.Build.0 = Debug|x64
		{E7C185C1-9891-40FE-8DCF-BB09386CEA2E}.Debug|x86.ActiveCfg = Debug|Win32
		{E7C185C1-9891-40FE-8DCF-BB09386CEA2E}.Debug|x86.Build.0 = Debug|Win32
		{E7C185C1-9891-40FE-8DCF-BB09386CEA2E}.Release|x64.ActiveCfg = Release|x64
		{E7C185C1-9891-40FE-8DCF-BB09386CEA2E}.Release|x64.Build.0 = Release|x64
		{E7C185C1-9891-40FE-8DCF-BB09386CEA2E}.Release|x86.ActiveCfg = Release|Win32
		{E7C185C1-9891-40FE-8DCF-BB09386CEA2E}.Release|x86.Build.0 = Release|Win32
		{27BAF2C3-2BB1-4AC9-8932-D0D8C71F8508}.Debug|x64.ActiveCfg = Debug|x64
		{27BAF2C3-2BB1-4AC9-8932-D0D8C71F8508}.Debug|x64.Build.0 = Debug|x64
		{27BAF2C3-2BB1-4AC9-8932-D0D8C71F8508}.Debug|x86.ActiveCfg = Debug|Win32
		{27BAF2C3-2BB1-4AC9-8932-D0D8C71F8508}.Debug|x86.Build.0 = Debug|Win32
		{27BAF2C3-2BB1-4AC9-8932-D0D8C71F8508}.Release|x64.ActiveCfg = Release|x64
		{27BAF2C3-2BB1-4AC9-8932-D0D8C71F8508}.Release|x64.Build.0 = Release|x64
		{27BAF2C3-2BB1-4AC9-8932-D0D8C71F8508}.Release|x86.ActiveCfg = Release|Win32
		{27BAF2C3-2BB1-4AC9-8932-D0D8C71F8508}.Release|x86.Build.0 = Release|Win32
		{4CE4C8B5-D6D3-48B8-BF12-CEE19CD48016}.Debug|x64.ActiveCfg = Debug|x64
		{4CE4C8B5-D6D3-48B8-BF12-CEE19CD48016}.Debug|x64.Build.0 = Debug|x64
		{4CE4C8B5-D6D3-48B8-BF12-CEE19CD48016}.Debug|x86.ActiveCfg = Debug|Win32
		{4CE4C8B5-D6D3-48B8-BF12-CEE19CD48016}.Debug|x86.Build.0 = Debug|Win32
		{4CE4C8B5-D6D3-48B8-BF12-CEE19CD48016}.Release|x64.ActiveCfg = Release|x64
		{4CE4C8B5-D6D3-48B8-BF12-CEE19CD48016}.Release|x64.Build.0 = Release|x64
		{4CE4C8B5-D6D3-48B8-BF12-CEE19CD48016}.Release|x86.ActiveCfg = Release|Win32
		{4CE4C8B5-D6D3-48B8-BF12-CEE19CD48016}.Release|x86.Build.0 = Release|Win32
		{9CA85863-F4F0-4873-9261-725078E47BDE}.Debug|x64.ActiveCfg = Debug|x64
		{9CA85863-F4F0-4873-9261-725078E47BDE}.Debug|x64.Build.0 = Debug|x64
		{9CA85863-F4F0-4873-9261-725078E47BDE}.Debug|x86.ActiveCfg = Debug|Win32
		{9CA85863-F4F0-4873-9261-725078E47BDE}.Debug|x86.Build.0 = Debug|Win32
		{9CA85863-F4F0-4873-9261-725078E47BDE}.Release|x64.ActiveCfg = Release|x64
		{9CA85863-F4F0-4873-9261-725078E47BDE}.Release|x64.Build.0 = Release|x64
		{9CA85863-F4F0-4873-9261-725078E47BDE}.Release|x86.ActiveCfg = Release|Win32
		{9CA85863-F4F0-4873-9261-725078E47BDE}.Release|x86.Build.0 = Release|Win32
	EndGlobalSection
	GlobalSection(SolutionProperties) = preSolution
		HideSolutionNode = FALSE
	EndGlobalSection
	GlobalSection(ExtensibilityGlobals) = postSolution
		SolutionGuid = {7725377C-E235-43E5-912C-A447B93D5DE8}
	EndGlobalSection
EndGlobal
